
Microsoft Visual Studio Solution File, Format Version 12.00
# Visual Studio 15
VisualStudioVersion = 15.0.26730.12
MinimumVisualStudioVersion = 10.0.40219.1
Project("{2150E333-8FDC-42A3-9474-1A3956D46DE8}") = "01-Presentation", "01-Presentation", "{1D323727-5B35-4681-B214-311F790C7D41}"
EndProject
Project("{2150E333-8FDC-42A3-9474-1A3956D46DE8}") = "02-.Application", "02-.Application", "{8D557133-AE7A-426E-8110-C99858B85299}"
EndProject
Project("{2150E333-8FDC-42A3-9474-1A3956D46DE8}") = "03-Domain", "03-Domain", "{ECF3AA7D-5790-403E-B9E6-5E59578073C9}"
EndProject
Project("{2150E333-8FDC-42A3-9474-1A3956D46DE8}") = "04-Infrastructure", "04-Infrastructure", "{D07D6DCB-A9DE-466B-B3B7-302D0C698BBB}"
EndProject
Project("{9A19103F-16F7-4668-BE54-9A1E7A4F7556}") = "Alsync.Infrastructure.Repositories", "Alsync.Infrastructure.Repositories\Alsync.Infrastructure.Repositories.csproj", "{01D4A38A-FDF9-4EBB-B3F1-009014F5F05A}"
EndProject
Project("{9A19103F-16F7-4668-BE54-9A1E7A4F7556}") = "Alsync.Domain", "Alsync.Domain\Alsync.Domain.csproj", "{0B86C44D-053C-47C6-9FE6-47AD2FAF0039}"
EndProject
Project("{9A19103F-16F7-4668-BE54-9A1E7A4F7556}") = "Alsync.Api", "Alsync.Api\Alsync.Api.csproj", "{1443F660-A13F-4A96-BDBC-4F42C1EDAD36}"
EndProject
Project("{9A19103F-16F7-4668-BE54-9A1E7A4F7556}") = "Alsync.Infrastructure", "Alsync.Infrastructure\Alsync.Infrastructure.csproj", "{478621E4-B9D4-49FE-8F5A-0B82B36B0676}"
EndProject
Project("{9A19103F-16F7-4668-BE54-9A1E7A4F7556}") = "Alsync.IApplication", "Alsync.IApplication\Alsync.IApplication.csproj", "{F42EEEAA-1C7D-4EF6-A963-E1A39CE5CC98}"
EndProject
Project("{9A19103F-16F7-4668-BE54-9A1E7A4F7556}") = "Alsync.Application", "Alsync.Application\Alsync.Application.csproj", "{987D0EBD-00E5-4A9B-9925-EC0419E9B476}"
EndProject
Project("{9A19103F-16F7-4668-BE54-9A1E7A4F7556}") = "Alsync.Domain.Repositories", "Alsync.Domain.Repositories\Alsync.Domain.Repositories.csproj", "{D0992707-01FB-4F26-AF42-513211FB668C}"
EndProject
Project("{9A19103F-16F7-4668-BE54-9A1E7A4F7556}") = "Alsync.Infrastructure.Mvc", "Alsync.Infrastructure.Mvc\Alsync.Infrastructure.Mvc.csproj", "{F6A68FF4-C763-4CBF-B7B6-B957354760A2}"
EndProject
Project("{FAE04EC0-301F-11D3-BF4B-00C04F79EFBC}") = "Alsync.Web", "Alsync.Web\Alsync.Web.csproj", "{FBB7B993-7A1B-4436-BA74-38436C92C82F}"
EndProject
Project("{FAE04EC0-301F-11D3-BF4B-00C04F79EFBC}") = "Alsync.Rest", "Alsync.Rest\Alsync.Rest.csproj", "{B31D766B-DCCE-4080-957E-B741DF151663}"
EndProject
Global
	GlobalSection(SolutionConfigurationPlatforms) = preSolution
		Debug|Any CPU = Debug|Any CPU
		Release|Any CPU = Release|Any CPU
	EndGlobalSection
	GlobalSection(ProjectConfigurationPlatforms) = postSolution
		{01D4A38A-FDF9-4EBB-B3F1-009014F5F05A}.Debug|Any CPU.ActiveCfg = Debug|Any CPU
		{01D4A38A-FDF9-4EBB-B3F1-009014F5F05A}.Debug|Any CPU.Build.0 = Debug|Any CPU
		{01D4A38A-FDF9-4EBB-B3F1-009014F5F05A}.Release|Any CPU.ActiveCfg = Release|Any CPU
		{01D4A38A-FDF9-4EBB-B3F1-009014F5F05A}.Release|Any CPU.Build.0 = Release|Any CPU
		{0B86C44D-053C-47C6-9FE6-47AD2FAF0039}.Debug|Any CPU.ActiveCfg = Debug|Any CPU
		{0B86C44D-053C-47C6-9FE6-47AD2FAF0039}.Debug|Any CPU.Build.0 = Debug|Any CPU
		{0B86C44D-053C-47C6-9FE6-47AD2FAF0039}.Release|Any CPU.ActiveCfg = Release|Any CPU
		{0B86C44D-053C-47C6-9FE6-47AD2FAF0039}.Release|Any CPU.Build.0 = Release|Any CPU
		{1443F660-A13F-4A96-BDBC-4F42C1EDAD36}.Debug|Any CPU.ActiveCfg = Debug|Any CPU
		{1443F660-A13F-4A96-BDBC-4F42C1EDAD36}.Debug|Any CPU.Build.0 = Debug|Any CPU
		{1443F660-A13F-4A96-BDBC-4F42C1EDAD36}.Release|Any CPU.ActiveCfg = Release|Any CPU
		{1443F660-A13F-4A96-BDBC-4F42C1EDAD36}.Release|Any CPU.Build.0 = Release|Any CPU
		{478621E4-B9D4-49FE-8F5A-0B82B36B0676}.Debug|Any CPU.ActiveCfg = Debug|Any CPU
		{478621E4-B9D4-49FE-8F5A-0B82B36B0676}.Debug|Any CPU.Build.0 = Debug|Any CPU
		{478621E4-B9D4-49FE-8F5A-0B82B36B0676}.Release|Any CPU.ActiveCfg = Release|Any CPU
		{478621E4-B9D4-49FE-8F5A-0B82B36B0676}.Release|Any CPU.Build.0 = Release|Any CPU
		{F42EEEAA-1C7D-4EF6-A963-E1A39CE5CC98}.Debug|Any CPU.ActiveCfg = Debug|Any CPU
		{F42EEEAA-1C7D-4EF6-A963-E1A39CE5CC98}.Debug|Any CPU.Build.0 = Debug|Any CPU
		{F42EEEAA-1C7D-4EF6-A963-E1A39CE5CC98}.Release|Any CPU.ActiveCfg = Release|Any CPU
		{F42EEEAA-1C7D-4EF6-A963-E1A39CE5CC98}.Release|Any CPU.Build.0 = Release|Any CPU
		{987D0EBD-00E5-4A9B-9925-EC0419E9B476}.Debug|Any CPU.ActiveCfg = Debug|Any CPU
		{987D0EBD-00E5-4A9B-9925-EC0419E9B476}.Debug|Any CPU.Build.0 = Debug|Any CPU
		{987D0EBD-00E5-4A9B-9925-EC0419E9B476}.Release|Any CPU.ActiveCfg = Release|Any CPU
		{987D0EBD-00E5-4A9B-9925-EC0419E9B476}.Release|Any CPU.Build.0 = Release|Any CPU
		{D0992707-01FB-4F26-AF42-513211FB668C}.Debug|Any CPU.ActiveCfg = Debug|Any CPU
		{D0992707-01FB-4F26-AF42-513211FB668C}.Debug|Any CPU.Build.0 = Debug|Any CPU
		{D0992707-01FB-4F26-AF42-513211FB668C}.Release|Any CPU.ActiveCfg = Release|Any CPU
		{D0992707-01FB-4F26-AF42-513211FB668C}.Release|Any CPU.Build.0 = Release|Any CPU
		{F6A68FF4-C763-4CBF-B7B6-B957354760A2}.Debug|Any CPU.ActiveCfg = Debug|Any CPU
		{F6A68FF4-C763-4CBF-B7B6-B957354760A2}.Debug|Any CPU.Build.0 = Debug|Any CPU
		{F6A68FF4-C763-4CBF-B7B6-B957354760A2}.Release|Any CPU.ActiveCfg = Release|Any CPU
		{F6A68FF4-C763-4CBF-B7B6-B957354760A2}.Release|Any CPU.Build.0 = Release|Any CPU
		{FBB7B993-7A1B-4436-BA74-38436C92C82F}.Debug|Any CPU.ActiveCfg = Debug|Any CPU
		{FBB7B993-7A1B-4436-BA74-38436C92C82F}.Debug|Any CPU.Build.0 = Debug|Any CPU
		{FBB7B993-7A1B-4436-BA74-38436C92C82F}.Release|Any CPU.ActiveCfg = Release|Any CPU
		{FBB7B993-7A1B-4436-BA74-38436C92C82F}.Release|Any CPU.Build.0 = Release|Any CPU
		{B31D766B-DCCE-4080-957E-B741DF151663}.Debug|Any CPU.ActiveCfg = Debug|Any CPU
		{B31D766B-DCCE-4080-957E-B741DF151663}.Debug|Any CPU.Build.0 = Debug|Any CPU
		{B31D766B-DCCE-4080-957E-B741DF151663}.Release|Any CPU.ActiveCfg = Release|Any CPU
		{B31D766B-DCCE-4080-957E-B741DF151663}.Release|Any CPU.Build.0 = Release|Any CPU
	EndGlobalSection
	GlobalSection(SolutionProperties) = preSolution
		HideSolutionNode = FALSE
	EndGlobalSection
	GlobalSection(NestedProjects) = preSolution
		{01D4A38A-FDF9-4EBB-B3F1-009014F5F05A} = {D07D6DCB-A9DE-466B-B3B7-302D0C698BBB}
		{0B86C44D-053C-47C6-9FE6-47AD2FAF0039} = {ECF3AA7D-5790-403E-B9E6-5E59578073C9}
		{1443F660-A13F-4A96-BDBC-4F42C1EDAD36} = {1D323727-5B35-4681-B214-311F790C7D41}
		{478621E4-B9D4-49FE-8F5A-0B82B36B0676} = {D07D6DCB-A9DE-466B-B3B7-302D0C698BBB}
		{F42EEEAA-1C7D-4EF6-A963-E1A39CE5CC98} = {8D557133-AE7A-426E-8110-C99858B85299}
		{987D0EBD-00E5-4A9B-9925-EC0419E9B476} = {8D557133-AE7A-426E-8110-C99858B85299}
		{D0992707-01FB-4F26-AF42-513211FB668C} = {ECF3AA7D-5790-403E-B9E6-5E59578073C9}
		{F6A68FF4-C763-4CBF-B7B6-B957354760A2} = {D07D6DCB-A9DE-466B-B3B7-302D0C698BBB}
		{FBB7B993-7A1B-4436-BA74-38436C92C82F} = {1D323727-5B35-4681-B214-311F790C7D41}
		{B31D766B-DCCE-4080-957E-B741DF151663} = {1D323727-5B35-4681-B214-311F790C7D41}
	EndGlobalSection
	GlobalSection(ExtensibilityGlobals) = postSolution
		SolutionGuid = {1C5BC254-7DB4-4737-9738-6C3C019D6131}
	EndGlobalSection
EndGlobal
